
Microsoft Visual Studio Solution File, Format Version 11.00
# Visual Studio 2010
Project("{FAE04EC0-301F-11D3-BF4B-00C04F79EFBC}") = "Phantom.TestKit", "Phantom.TestKit.csproj", "{8F149CD1-DC79-4B05-8E73-6866D3564822}"
EndProject
Project("{FAE04EC0-301F-11D3-BF4B-00C04F79EFBC}") = "Phantom.Tests.Sample", "Phantom.Tests.Sample\Phantom.Tests.Sample.csproj", "{AD3DE801-6740-480B-906B-E0A49212E7D2}"
EndProject
Project("{2150E333-8FDC-42A3-9474-1A3956D46DE8}") = "Solution Items", "Solution Items", "{E6BFCFB7-877D-4106-B237-315738809298}"
	ProjectSection(SolutionItems) = preProject
		Local.testsettings = Local.testsettings
		Phantom.TestKit.vsmdi = Phantom.TestKit.vsmdi
		TraceAndTestImpact.testsettings = TraceAndTestImpact.testsettings
	EndProjectSection
EndProject
Global
	GlobalSection(TestCaseManagementSettings) = postSolution
		CategoryFile = Phantom.TestKit.vsmdi
	EndGlobalSection
	GlobalSection(SolutionConfigurationPlatforms) = preSolution
		Debug|.NET = Debug|.NET
		Debug|Any CPU = Debug|Any CPU
		Debug|Mixed Platforms = Debug|Mixed Platforms
		Release|.NET = Release|.NET
		Release|Any CPU = Release|Any CPU
		Release|Mixed Platforms = Release|Mixed Platforms
	EndGlobalSection
	GlobalSection(ProjectConfigurationPlatforms) = postSolution
		{8F149CD1-DC79-4B05-8E73-6866D3564822}.Debug|.NET.ActiveCfg = Debug|Any CPU
		{8F149CD1-DC79-4B05-8E73-6866D3564822}.Debug|Any CPU.ActiveCfg = Debug|Any CPU
		{8F149CD1-DC79-4B05-8E73-6866D3564822}.Debug|Any CPU.Build.0 = Debug|Any CPU
		{8F149CD1-DC79-4B05-8E73-6866D3564822}.Debug|Mixed Platforms.ActiveCfg = Debug|Any CPU
		{8F149CD1-DC79-4B05-8E73-6866D3564822}.Debug|Mixed Platforms.Build.0 = Debug|Any CPU
		{8F149CD1-DC79-4B05-8E73-6866D3564822}.Release|.NET.ActiveCfg = Release|Any CPU
		{8F149CD1-DC79-4B05-8E73-6866D3564822}.Release|Any CPU.ActiveCfg = Release|Any CPU
		{8F149CD1-DC79-4B05-8E73-6866D3564822}.Release|Any CPU.Build.0 = Release|Any CPU
		{8F149CD1-DC79-4B05-8E73-6866D3564822}.Release|Mixed Platforms.ActiveCfg = Release|Any CPU
		{8F149CD1-DC79-4B05-8E73-6866D3564822}.Release|Mixed Platforms.Build.0 = Release|Any CPU
		{AD3DE801-6740-480B-906B-E0A49212E7D2}.Debug|.NET.ActiveCfg = Debug|Any CPU
		{AD3DE801-6740-480B-906B-E0A49212E7D2}.Debug|Any CPU.ActiveCfg = Debug|Any CPU
		{AD3DE801-6740-480B-906B-E0A49212E7D2}.Debug|Any CPU.Build.0 = Debug|Any CPU
		{AD3DE801-6740-480B-906B-E0A49212E7D2}.Debug|Mixed Platforms.ActiveCfg = Debug|Any CPU
		{AD3DE801-6740-480B-906B-E0A49212E7D2}.Debug|Mixed Platforms.Build.0 = Debug|Any CPU
		{AD3DE801-6740-480B-906B-E0A49212E7D2}.Release|.NET.ActiveCfg = Release|Any CPU
		{AD3DE801-6740-480B-906B-E0A49212E7D2}.Release|Any CPU.ActiveCfg = Release|Any CPU
		{AD3DE801-6740-480B-906B-E0A49212E7D2}.Release|Any CPU.Build.0 = Release|Any CPU
		{AD3DE801-6740-480B-906B-E0A49212E7D2}.Release|Mixed Platforms.ActiveCfg = Release|Any CPU
		{AD3DE801-6740-480B-906B-E0A49212E7D2}.Release|Mixed Platforms.Build.0 = Release|Any CPU
	EndGlobalSection
	GlobalSection(SolutionProperties) = preSolution
		HideSolutionNode = FALSE
	EndGlobalSection
EndGlobal
